
Microsoft Visual Studio Solution File, Format Version 12.00
# Visual Studio Version 17
VisualStudioVersion = 17.0.31903.59
MinimumVisualStudioVersion = 10.0.40219.1
Project("{FAE04EC0-301F-11D3-BF4B-00C04F79EFBC}") = "LiveStock.API", "LiveStock.API\LiveStock.API.csproj", "{5B6D6665-5C7F-4845-93D4-2AFF78BBD75F}"
EndProject
Project("{FAE04EC0-301F-11D3-BF4B-00C04F79EFBC}") = "LiveStock.Web", "LiveStock.Web\LiveStock.Web.csproj", "{DA3EC039-2D2D-4407-9481-F62870DCAD5A}"
EndProject
Project("{FAE04EC0-301F-11D3-BF4B-00C04F79EFBC}") = "LiveStock.Core", "LiveStock.Core\LiveStock.Core.csproj", "{393951A5-4FAC-46D7-9802-1FCC96CB73C0}"
EndProject
Project("{FAE04EC0-301F-11D3-BF4B-00C04F79EFBC}") = "LiveStock.Infrastructure", "LiveStock.Infrastructure\LiveStock.Infrastructure.csproj", "{2FA1A7D1-38FC-458E-BE46-1D9ED08EC871}"
EndProject
Global
	GlobalSection(SolutionConfigurationPlatforms) = preSolution
		Debug|Any CPU = Debug|Any CPU
		Debug|x64 = Debug|x64
		Debug|x86 = Debug|x86
		Release|Any CPU = Release|Any CPU
		Release|x64 = Release|x64
		Release|x86 = Release|x86
	EndGlobalSection
	GlobalSection(ProjectConfigurationPlatforms) = postSolution
		{5B6D6665-5C7F-4845-93D4-2AFF78BBD75F}.Debug|Any CPU.ActiveCfg = Debug|Any CPU
		{5B6D6665-5C7F-4845-93D4-2AFF78BBD75F}.Debug|Any CPU.Build.0 = Debug|Any CPU
		{5B6D6665-5C7F-4845-93D4-2AFF78BBD75F}.Debug|x64.ActiveCfg = Debug|Any CPU
		{5B6D6665-5C7F-4845-93D4-2AFF78BBD75F}.Debug|x64.Build.0 = Debug|Any CPU
		{5B6D6665-5C7F-4845-93D4-2AFF78BBD75F}.Debug|x86.ActiveCfg = Debug|Any CPU
		{5B6D6665-5C7F-4845-93D4-2AFF78BBD75F}.Debug|x86.Build.0 = Debug|Any CPU
		{5B6D6665-5C7F-4845-93D4-2AFF78BBD75F}.Release|Any CPU.ActiveCfg = Release|Any CPU
		{5B6D6665-5C7F-4845-93D4-2AFF78BBD75F}.Release|Any CPU.Build.0 = Release|Any CPU
		{5B6D6665-5C7F-4845-93D4-2AFF78BBD75F}.Release|x64.ActiveCfg = Release|Any CPU
		{5B6D6665-5C7F-4845-93D4-2AFF78BBD75F}.Release|x64.Build.0 = Release|Any CPU
		{5B6D6665-5C7F-4845-93D4-2AFF78BBD75F}.Release|x86.ActiveCfg = Release|Any CPU
		{5B6D6665-5C7F-4845-93D4-2AFF78BBD75F}.Release|x86.Build.0 = Release|Any CPU
		{DA3EC039-2D2D-4407-9481-F62870DCAD5A}.Debug|Any CPU.ActiveCfg = Debug|Any CPU
		{DA3EC039-2D2D-4407-9481-F62870DCAD5A}.Debug|Any CPU.Build.0 = Debug|Any CPU
		{DA3EC039-2D2D-4407-9481-F62870DCAD5A}.Debug|x64.ActiveCfg = Debug|Any CPU
		{DA3EC039-2D2D-4407-9481-F62870DCAD5A}.Debug|x64.Build.0 = Debug|Any CPU
		{DA3EC039-2D2D-4407-9481-F62870DCAD5A}.Debug|x86.ActiveCfg = Debug|Any CPU
		{DA3EC039-2D2D-4407-9481-F62870DCAD5A}.Debug|x86.Build.0 = Debug|Any CPU
		{DA3EC039-2D2D-4407-9481-F62870DCAD5A}.Release|Any CPU.ActiveCfg = Release|Any CPU
		{DA3EC039-2D2D-4407-9481-F62870DCAD5A}.Release|Any CPU.Build.0 = Release|Any CPU
		{DA3EC039-2D2D-4407-9481-F62870DCAD5A}.Release|x64.ActiveCfg = Release|Any CPU
		{DA3EC039-2D2D-4407-9481-F62870DCAD5A}.Release|x64.Build.0 = Release|Any CPU
		{DA3EC039-2D2D-4407-9481-F62870DCAD5A}.Release|x86.ActiveCfg = Release|Any CPU
		{DA3EC039-2D2D-4407-9481-F62870DCAD5A}.Release|x86.Build.0 = Release|Any CPU
		{393951A5-4FAC-46D7-9802-1FCC96CB73C0}.Debug|Any CPU.ActiveCfg = Debug|Any CPU
		{393951A5-4FAC-46D7-9802-1FCC96CB73C0}.Debug|Any CPU.Build.0 = Debug|Any CPU
		{393951A5-4FAC-46D7-9802-1FCC96CB73C0}.Debug|x64.ActiveCfg = Debug|Any CPU
		{393951A5-4FAC-46D7-9802-1FCC96CB73C0}.Debug|x64.Build.0 = Debug|Any CPU
		{393951A5-4FAC-46D7-9802-1FCC96CB73C0}.Debug|x86.ActiveCfg = Debug|Any CPU
		{393951A5-4FAC-46D7-9802-1FCC96CB73C0}.Debug|x86.Build.0 = Debug|Any CPU
		{393951A5-4FAC-46D7-9802-1FCC96CB73C0}.Release|Any CPU.ActiveCfg = Release|Any CPU
		{393951A5-4FAC-46D7-9802-1FCC96CB73C0}.Release|Any CPU.Build.0 = Release|Any CPU
		{393951A5-4FAC-46D7-9802-1FCC96CB73C0}.Release|x64.ActiveCfg = Release|Any CPU
		{393951A5-4FAC-46D7-9802-1FCC96CB73C0}.Release|x64.Build.0 = Release|Any CPU
		{393951A5-4FAC-46D7-9802-1FCC96CB73C0}.Release|x86.ActiveCfg = Release|Any CPU
		{393951A5-4FAC-46D7-9802-1FCC96CB73C0}.Release|x86.Build.0 = Release|Any CPU
		{2FA1A7D1-38FC-458E-BE46-1D9ED08EC871}.Debug|Any CPU.ActiveCfg = Debug|Any CPU
		{2FA1A7D1-38FC-458E-BE46-1D9ED08EC871}.Debug|Any CPU.Build.0 = Debug|Any CPU
		{2FA1A7D1-38FC-458E-BE46-1D9ED08EC871}.Debug|x64.ActiveCfg = Debug|Any CPU
		{2FA1A7D1-38FC-458E-BE46-1D9ED08EC871}.Debug|x64.Build.0 = Debug|Any CPU
		{2FA1A7D1-38FC-458E-BE46-1D9ED08EC871}.Debug|x86.ActiveCfg = Debug|Any CPU
		{2FA1A7D1-38FC-458E-BE46-1D9ED08EC871}.Debug|x86.Build.0 = Debug|Any CPU
		{2FA1A7D1-38FC-458E-BE46-1D9ED08EC871}.Release|Any CPU.ActiveCfg = Release|Any CPU
		{2FA1A7D1-38FC-458E-BE46-1D9ED08EC871}.Release|Any CPU.Build.0 = Release|Any CPU
		{2FA1A7D1-38FC-458E-BE46-1D9ED08EC871}.Release|x64.ActiveCfg = Release|Any CPU
		{2FA1A7D1-38FC-458E-BE46-1D9ED08EC871}.Release|x64.Build.0 = Release|Any CPU
		{2FA1A7D1-38FC-458E-BE46-1D9ED08EC871}.Release|x86.ActiveCfg = Release|Any CPU
		{2FA1A7D1-38FC-458E-BE46-1D9ED08EC871}.Release|x86.Build.0 = Release|Any CPU
	EndGlobalSection
	GlobalSection(SolutionProperties) = preSolution
		HideSolutionNode = FALSE
	EndGlobalSection
EndGlobal
